
Microsoft Visual Studio Solution File, Format Version 12.00
# Visual Studio Version 16
VisualStudioVersion = 16.0.29709.97
MinimumVisualStudioVersion = 10.0.40219.1
Project("{FAE04EC0-301F-11D3-BF4B-00C04F79EFBC}") = "CASE-IN", "CASE-IN\CASE-IN.csproj", "{21062251-DF9E-4D78-AF78-3BA18D751277}"
EndProject
Global
	GlobalSection(SolutionConfigurationPlatforms) = preSolution
		Debug|Any CPU = Debug|Any CPU
		Release|Any CPU = Release|Any CPU
	EndGlobalSection
	GlobalSection(ProjectConfigurationPlatforms) = postSolution
		{21062251-DF9E-4D78-AF78-3BA18D751277}.Debug|Any CPU.ActiveCfg = Debug|Any CPU
		{21062251-DF9E-4D78-AF78-3BA18D751277}.Debug|Any CPU.Build.0 = Debug|Any CPU
		{21062251-DF9E-4D78-AF78-3BA18D751277}.Release|Any CPU.ActiveCfg = Release|Any CPU
		{21062251-DF9E-4D78-AF78-3BA18D751277}.Release|Any CPU.Build.0 = Release|Any CPU
	EndGlobalSection
	GlobalSection(SolutionProperties) = preSolution
		HideSolutionNode = FALSE
	EndGlobalSection
	GlobalSection(ExtensibilityGlobals) = postSolution
		SolutionGuid = {647342D1-808A-4840-87B9-25AE47071A06}
	EndGlobalSection
EndGlobal
